
Microsoft Visual Studio Solution File, Format Version 12.00
# Visual Studio Version 17
VisualStudioVersion = 17.9.34607.119
MinimumVisualStudioVersion = 10.0.40219.1
Project("{FAE04EC0-301F-11D3-BF4B-00C04F79EFBC}") = "Catalogo_Web", "pokedex_web\Catalogo_Web.csproj", "{2DF84CF1-8681-40D1-9B1D-4CE1345B7062}"
EndProject
Project("{2150E333-8FDC-42A3-9474-1A3956D46DE8}") = "Solution Items", "Solution Items", "{689727D8-3F5F-4B7D-999E-435DB618A75F}"
	ProjectSection(SolutionItems) = preProject
		.editorconfig = .editorconfig
	EndProjectSection
EndProject
Project("{FAE04EC0-301F-11D3-BF4B-00C04F79EFBC}") = "negocio", "negocio\negocio.csproj", "{8121FE8A-4624-4256-9128-8C935F99963D}"
EndProject
Project("{FAE04EC0-301F-11D3-BF4B-00C04F79EFBC}") = "dominio", "dominio\dominio.csproj", "{C48100CA-FAB9-440E-A427-5C822C7C4DDB}"
EndProject
Global
	GlobalSection(SolutionConfigurationPlatforms) = preSolution
		Debug|Any CPU = Debug|Any CPU
		Release|Any CPU = Release|Any CPU
	EndGlobalSection
	GlobalSection(ProjectConfigurationPlatforms) = postSolution
		{2DF84CF1-8681-40D1-9B1D-4CE1345B7062}.Debug|Any CPU.ActiveCfg = Debug|Any CPU
		{2DF84CF1-8681-40D1-9B1D-4CE1345B7062}.Debug|Any CPU.Build.0 = Debug|Any CPU
		{2DF84CF1-8681-40D1-9B1D-4CE1345B7062}.Release|Any CPU.ActiveCfg = Release|Any CPU
		{2DF84CF1-8681-40D1-9B1D-4CE1345B7062}.Release|Any CPU.Build.0 = Release|Any CPU
		{8121FE8A-4624-4256-9128-8C935F99963D}.Debug|Any CPU.ActiveCfg = Debug|Any CPU
		{8121FE8A-4624-4256-9128-8C935F99963D}.Debug|Any CPU.Build.0 = Debug|Any CPU
		{8121FE8A-4624-4256-9128-8C935F99963D}.Release|Any CPU.ActiveCfg = Release|Any CPU
		{8121FE8A-4624-4256-9128-8C935F99963D}.Release|Any CPU.Build.0 = Release|Any CPU
		{C48100CA-FAB9-440E-A427-5C822C7C4DDB}.Debug|Any CPU.ActiveCfg = Debug|Any CPU
		{C48100CA-FAB9-440E-A427-5C822C7C4DDB}.Debug|Any CPU.Build.0 = Debug|Any CPU
		{C48100CA-FAB9-440E-A427-5C822C7C4DDB}.Release|Any CPU.ActiveCfg = Release|Any CPU
		{C48100CA-FAB9-440E-A427-5C822C7C4DDB}.Release|Any CPU.Build.0 = Release|Any CPU
	EndGlobalSection
	GlobalSection(SolutionProperties) = preSolution
		HideSolutionNode = FALSE
	EndGlobalSection
	GlobalSection(ExtensibilityGlobals) = postSolution
		SolutionGuid = {C8962C3B-BC73-40D1-8E35-377760A7A606}
	EndGlobalSection
EndGlobal
